
Microsoft Visual Studio Solution File, Format Version 12.00
# Visual Studio Version 16
VisualStudioVersion = 16.0.28803.202
MinimumVisualStudioVersion = 10.0.40219.1
Project("{FAE04EC0-301F-11D3-BF4B-00C04F79EFBC}") = "Exercicio01", "Exercicio01\Exercicio01.csproj", "{C94F6FCB-CF74-4E5F-AF9E-7A18D03F4926}"
EndProject
Global
	GlobalSection(SolutionConfigurationPlatforms) = preSolution
		Debug|Any CPU = Debug|Any CPU
		Release|Any CPU = Release|Any CPU
	EndGlobalSection
	GlobalSection(ProjectConfigurationPlatforms) = postSolution
		{C94F6FCB-CF74-4E5F-AF9E-7A18D03F4926}.Debug|Any CPU.ActiveCfg = Debug|Any CPU
		{C94F6FCB-CF74-4E5F-AF9E-7A18D03F4926}.Debug|Any CPU.Build.0 = Debug|Any CPU
		{C94F6FCB-CF74-4E5F-AF9E-7A18D03F4926}.Release|Any CPU.ActiveCfg = Release|Any CPU
		{C94F6FCB-CF74-4E5F-AF9E-7A18D03F4926}.Release|Any CPU.Build.0 = Release|Any CPU
	EndGlobalSection
	GlobalSection(SolutionProperties) = preSolution
		HideSolutionNode = FALSE
	EndGlobalSection
	GlobalSection(ExtensibilityGlobals) = postSolution
		SolutionGuid = {82EA770B-F08F-4972-B66C-AB34486D8D93}
	EndGlobalSection
EndGlobal
